
Microsoft Visual Studio Solution File, Format Version 12.00
# Visual Studio Version 16
VisualStudioVersion = 16.0.30002.166
MinimumVisualStudioVersion = 10.0.40219.1
Project("{2150E333-8FDC-42A3-9474-1A3956D46DE8}") = "Chapter 01 Vector Algebra", "Chapter 01 Vector Algebra", "{DA6330C9-D149-42B8-A67F-08E02195636D}"
EndProject
Project("{2150E333-8FDC-42A3-9474-1A3956D46DE8}") = "Chapter 02 Matrix Algebra", "Chapter 02 Matrix Algebra", "{7527D5C9-FDAA-46CF-8E90-CD5C24C0E6DD}"
EndProject
Project("{2150E333-8FDC-42A3-9474-1A3956D46DE8}") = "Chapter 04 Direct3D Initialization", "Chapter 04 Direct3D Initialization", "{6AB037C6-3534-4B6D-95E8-6086B3B591A4}"
EndProject
Project("{2150E333-8FDC-42A3-9474-1A3956D46DE8}") = "Chapter 06 Drawing in Direct3D", "Chapter 06 Drawing in Direct3D", "{C81B0126-A830-4ECD-9C36-AFB03CB00ABE}"
EndProject
Project("{2150E333-8FDC-42A3-9474-1A3956D46DE8}") = "Chapter 07 Drawing in Direct3D Part II", "Chapter 07 Drawing in Direct3D Part II", "{71C8991E-667D-4B4B-8D17-7BCA01FFDED9}"
EndProject
Project("{2150E333-8FDC-42A3-9474-1A3956D46DE8}") = "Chapter 08 Lighting", "Chapter 08 Lighting", "{CC8695A8-8801-40A5-A20A-B3FC0F99B097}"
EndProject
Project("{2150E333-8FDC-42A3-9474-1A3956D46DE8}") = "Chapter 09 Texturing", "Chapter 09 Texturing", "{1F5CB2ED-12AC-4F03-BC8E-0126BE4C51AC}"
EndProject
Project("{2150E333-8FDC-42A3-9474-1A3956D46DE8}") = "Chapter 11 Stenciling", "Chapter 11 Stenciling", "{357E9794-8FAA-43A0-9315-20A9BDC3A844}"
EndProject
Project("{2150E333-8FDC-42A3-9474-1A3956D46DE8}") = "Chapter 12 The Geometry Shader", "Chapter 12 The Geometry Shader", "{DA001A9F-A220-41F9-B8A3-97F2A90FEF41}"
EndProject
Project("{2150E333-8FDC-42A3-9474-1A3956D46DE8}") = "Chapter 13 The Compute Shader", "Chapter 13 The Compute Shader", "{9631415B-7EB4-4510-9576-9FC99ED6C964}"
EndProject
Project("{2150E333-8FDC-42A3-9474-1A3956D46DE8}") = "Chapter 14 The Tessellation Stages", "Chapter 14 The Tessellation Stages", "{3240EC26-2473-457B-AA50-C239819B5716}"
EndProject
Project("{2150E333-8FDC-42A3-9474-1A3956D46DE8}") = "Chapter 15 First Person Camera and Dynamic Indexing", "Chapter 15 First Person Camera and Dynamic Indexing", "{F9ED4B41-BA87-4D61-8B43-66642A0B1B0D}"
EndProject
Project("{2150E333-8FDC-42A3-9474-1A3956D46DE8}") = "Chapter 16 Instancing and Frustum Culling", "Chapter 16 Instancing and Frustum Culling", "{CAD8AE6C-4232-4EB5-97DF-33F0B0E7C2B3}"
EndProject
Project("{2150E333-8FDC-42A3-9474-1A3956D46DE8}") = "Chapter 17 Picking", "Chapter 17 Picking", "{2D424475-A525-44D7-9F41-0FA2692423B9}"
EndProject
Project("{2150E333-8FDC-42A3-9474-1A3956D46DE8}") = "Chapter 18 Cube Mapping", "Chapter 18 Cube Mapping", "{EB1B8181-9914-4BEC-A4B8-8E0D495203DD}"
EndProject
Project("{2150E333-8FDC-42A3-9474-1A3956D46DE8}") = "Chapter 10 Blending", "Chapter 10 Blending", "{98DE6CDB-415D-48A0-BB06-EE2AC22F3796}"
EndProject
Project("{2150E333-8FDC-42A3-9474-1A3956D46DE8}") = "Chapter 19 Normal Mapping", "Chapter 19 Normal Mapping", "{02350EAE-B1D7-4AC2-BB9E-31C3180D0682}"
EndProject
Project("{2150E333-8FDC-42A3-9474-1A3956D46DE8}") = "Chapter 20 Shadow Mapping", "Chapter 20 Shadow Mapping", "{33FCF7A9-E080-4A9C-BC47-4162A8313368}"
EndProject
Project("{2150E333-8FDC-42A3-9474-1A3956D46DE8}") = "Chapter 21 Ambient Occlusion", "Chapter 21 Ambient Occlusion", "{D001503E-239E-4096-9315-905A63500D4D}"
EndProject
Project("{2150E333-8FDC-42A3-9474-1A3956D46DE8}") = "Chapter 22 Quaternions", "Chapter 22 Quaternions", "{A53C6CDC-61DD-49BA-AD67-F0E5862A8273}"
EndProject
Project("{2150E333-8FDC-42A3-9474-1A3956D46DE8}") = "Chapter 23 Character Animation", "Chapter 23 Character Animation", "{BE5D1261-3B9F-4A71-A1F1-377F583F94CD}"
EndProject
Project("{8BC9CEB8-8B4A-11D0-8D11-00A0C91BC942}") = "XMVECTOR", "Chapter 01 Vector Algebra\XMVECTOR\XMVECTOR.vcxproj", "{508E9197-885A-4954-B5DD-B528CE27E803}"
EndProject
Project("{8BC9CEB8-8B4A-11D0-8D11-00A0C91BC942}") = "XMMATRIX", "Chapter 02 Matrix Algebra\XMMATRIX\XMMATRIX.vcxproj", "{7CDBAD5D-00B5-4477-965E-803411B39454}"
EndProject
Project("{8BC9CEB8-8B4A-11D0-8D11-00A0C91BC942}") = "Init Direct3D", "Chapter 04 Direct3D Initialization\Init Direct3D\Init Direct3D.vcxproj", "{C4680F18-E037-4881-A760-CF9AC4C668C5}"
EndProject
Project("{8BC9CEB8-8B4A-11D0-8D11-00A0C91BC942}") = "Box", "Chapter 06 Drawing in Direct3D\Box\Box.vcxproj", "{B590A678-E935-4AED-AF1F-3B6D02A4AE95}"
EndProject
Project("{8BC9CEB8-8B4A-11D0-8D11-00A0C91BC942}") = "LandAndWaves", "Chapter 07 Drawing in Direct3D Part II\LandAndWaves\LandAndWaves.vcxproj", "{BDC63514-5D6B-4C7E-BC4F-11F19364456A}"
EndProject
Project("{8BC9CEB8-8B4A-11D0-8D11-00A0C91BC942}") = "Shapes", "Chapter 07 Drawing in Direct3D Part II\Shapes\Shapes.vcxproj", "{3F4D6E80-3635-4577-B6AC-CE8B90068BDD}"
EndProject
Project("{8BC9CEB8-8B4A-11D0-8D11-00A0C91BC942}") = "LitColumns", "Chapter 08 Lighting\LitColumns\LitColumns.vcxproj", "{8713DCC9-E21C-485A-99E5-B8D1E5AD91B6}"
EndProject
Project("{8BC9CEB8-8B4A-11D0-8D11-00A0C91BC942}") = "LitWaves", "Chapter 08 Lighting\LitWaves\LitWaves.vcxproj", "{2D456930-7EE8-4CE4-965A-A85A744F8515}"
EndProject
Project("{8BC9CEB8-8B4A-11D0-8D11-00A0C91BC942}") = "Crate", "Chapter 09 Texturing\Crate\Crate.vcxproj", "{99BAD649-F897-4374-B69D-EEB3F9CAE027}"
EndProject
Project("{8BC9CEB8-8B4A-11D0-8D11-00A0C91BC942}") = "TexColumns", "Chapter 09 Texturing\TexColumns\TexColumns.vcxproj", "{23D47CEE-6F04-46F2-B680-AF36FB5A386A}"
EndProject
Project("{8BC9CEB8-8B4A-11D0-8D11-00A0C91BC942}") = "TexWaves", "Chapter 09 Texturing\TexWaves\TexWaves.vcxproj", "{0EB5ECAA-3BCB-4B58-9FA9-88176C0E1CFF}"
EndProject
Project("{8BC9CEB8-8B4A-11D0-8D11-00A0C91BC942}") = "BlendDemo", "Chapter 10 Blending\BlendDemo\BlendDemo.vcxproj", "{5ED524F3-165A-425D-B380-3FA556A48005}"
EndProject
Project("{8BC9CEB8-8B4A-11D0-8D11-00A0C91BC942}") = "StencilDemo", "Chapter 11 Stenciling\StencilDemo\StencilDemo.vcxproj", "{BB2E3DFF-5328-43B3-A8A1-1E881AFE7884}"
EndProject
Project("{8BC9CEB8-8B4A-11D0-8D11-00A0C91BC942}") = "TreeBillboards", "Chapter 12 The Geometry Shader\TreeBillboards\TreeBillboards.vcxproj", "{6A6F7455-9AA4-4BFA-8593-169F7182146A}"
EndProject
Project("{8BC9CEB8-8B4A-11D0-8D11-00A0C91BC942}") = "Blur", "Chapter 13 The Compute Shader\Blur\Blur.vcxproj", "{CA41A537-195E-4958-B149-CEE6399D9618}"
EndProject
Project("{8BC9CEB8-8B4A-11D0-8D11-00A0C91BC942}") = "SobelFilter", "Chapter 13 The Compute Shader\SobelFilter\SobelFilter.vcxproj", "{2B6B81E7-C717-43D5-A535-B59ADA901B09}"
EndProject
Project("{8BC9CEB8-8B4A-11D0-8D11-00A0C91BC942}") = "VecAdd", "Chapter 13 The Compute Shader\VecAdd\VecAdd.vcxproj", "{B7F5DB6D-AE07-41D0-A684-26C3A36B97C4}"
EndProject
Project("{8BC9CEB8-8B4A-11D0-8D11-00A0C91BC942}") = "WavesCS", "Chapter 13 The Compute Shader\WavesCS\WavesCS.vcxproj", "{16004724-C619-451B-A249-58709A3639C0}"
EndProject
Project("{8BC9CEB8-8B4A-11D0-8D11-00A0C91BC942}") = "BasicTessellation", "Chapter 14 The Tessellation Stages\BasicTessellation\BasicTessellation.vcxproj", "{66252CDA-3422-41DD-B089-393287D6E614}"
EndProject
Project("{8BC9CEB8-8B4A-11D0-8D11-00A0C91BC942}") = "BezierPatch", "Chapter 14 The Tessellation Stages\BezierPatch\BezierPatch.vcxproj", "{F2BE9056-354C-40EA-A16E-3335F07678A6}"
EndProject
Project("{8BC9CEB8-8B4A-11D0-8D11-00A0C91BC942}") = "CameraAndDynamicIndexing", "Chapter 15 First Person Camera and Dynamic Indexing\CameraAndDynamicIndexing\CameraAndDynamicIndexing.vcxproj", "{EBA44FF6-C000-495A-ABE9-E6848AF88F17}"
EndProject
Project("{8BC9CEB8-8B4A-11D0-8D11-00A0C91BC942}") = "InstancingAndCulling", "Chapter 16 Instancing and Frustum Culling\InstancingAndCulling\InstancingAndCulling.vcxproj", "{08EDFAC3-2447-4CDF-9B1F-D91C8D9887E7}"
EndProject
Project("{8BC9CEB8-8B4A-11D0-8D11-00A0C91BC942}") = "Picking", "Chapter 17 Picking\Picking\Picking.vcxproj", "{BA776CBA-A555-43D1-B4B8-82A3BEFEFDB9}"
EndProject
Project("{8BC9CEB8-8B4A-11D0-8D11-00A0C91BC942}") = "CubeMap", "Chapter 18 Cube Mapping\CubeMap\CubeMap.vcxproj", "{75FB9415-C135-4C93-9B35-8C27FB9BF7F3}"
EndProject
Project("{8BC9CEB8-8B4A-11D0-8D11-00A0C91BC942}") = "DynamicCube", "Chapter 18 Cube Mapping\DynamicCube\DynamicCube.vcxproj", "{454E2EDD-4E64-49AE-8B29-9AC94FAC2494}"
EndProject
Project("{8BC9CEB8-8B4A-11D0-8D11-00A0C91BC942}") = "NormalMap", "Chapter 19 Normal Mapping\NormalMap\NormalMap.vcxproj", "{BDD38E45-5E08-4654-80AB-204A7C4A3FF3}"
EndProject
Project("{8BC9CEB8-8B4A-11D0-8D11-00A0C91BC942}") = "Shadows", "Chapter 20 Shadow Mapping\Shadows\Shadows.vcxproj", "{BE228814-A8FE-45F3-91A8-5F73AD61AB02}"
EndProject
Project("{8BC9CEB8-8B4A-11D0-8D11-00A0C91BC942}") = "Ssao", "Chapter 21 Ambient Occlusion\Ssao\Ssao.vcxproj", "{19D1BAEA-0053-4B68-A3A3-FE3A2F4D7E46}"
EndProject
Project("{8BC9CEB8-8B4A-11D0-8D11-00A0C91BC942}") = "QuatDemo", "Chapter 22 Quaternions\QuatDemo\QuatDemo.vcxproj", "{FE0CC4EB-8818-4EF7-922B-B591D2906E0C}"
EndProject
Project("{8BC9CEB8-8B4A-11D0-8D11-00A0C91BC942}") = "SkinnedMesh", "Chapter 23 Character Animation\SkinnedMesh\SkinnedMesh.vcxproj", "{6CFBC7B3-0F8A-4C64-AA5F-9051B208D67A}"
EndProject
Project("{8BC9CEB8-8B4A-11D0-8D11-00A0C91BC942}") = "Exercise_06_02", "Chapter 06 Drawing in Direct3D\Exercise_06_02\Exercise_06_02.vcxproj", "{A3919AAA-9CFB-4E65-A96B-15686D3D7188}"
EndProject
Project("{8BC9CEB8-8B4A-11D0-8D11-00A0C91BC942}") = "Exercise_06_03", "Chapter 06 Drawing in Direct3D\Exercise_06_03\Exercise_06_03.vcxproj", "{9E651C13-883B-4A60-A166-B65F382C2CD2}"
EndProject
Project("{8BC9CEB8-8B4A-11D0-8D11-00A0C91BC942}") = "Exercise_06_07", "Chapter 06 Drawing in Direct3D\Exercise_06_07\Exercise_06_07.vcxproj", "{EB8F5BFF-A074-4B3D-950B-9AC096BB8931}"
EndProject
Project("{8BC9CEB8-8B4A-11D0-8D11-00A0C91BC942}") = "Exercise_07_02", "Chapter 07 Drawing in Direct3D Part II\Exercise_07_02\Exercise_07_02.vcxproj", "{8A696FCD-E441-4671-90E9-9571AD2E5EA2}"
EndProject
Project("{8BC9CEB8-8B4A-11D0-8D11-00A0C91BC942}") = "Exercise_07_03", "Chapter 07 Drawing in Direct3D Part II\Exercise_07_03\Exercise_07_03.vcxproj", "{65A49641-AECB-4D8B-AA79-8BA33241BE04}"
EndProject
Project("{8BC9CEB8-8B4A-11D0-8D11-00A0C91BC942}") = "Exercise_08_01", "Chapter 08 Lighting\Exercise_08_01\Exercise_08_01.vcxproj", "{1C8DC56A-52C8-4FE4-9943-2A7B23C1D2C6}"
EndProject
Project("{8BC9CEB8-8B4A-11D0-8D11-00A0C91BC942}") = "Exercise_08_04", "Chapter 08 Lighting\Exercise_08_04\Exercise_08_04.vcxproj", "{52DD50FC-076F-4B06-89BD-68F014E8A817}"
EndProject
Project("{8BC9CEB8-8B4A-11D0-8D11-00A0C91BC942}") = "Exercise_08_06", "Chapter 08 Lighting\Exercise_08_06\Exercise_08_06.vcxproj", "{CB13728B-9F93-4C50-A98C-FE8593D78BC9}"
EndProject
Project("{8BC9CEB8-8B4A-11D0-8D11-00A0C91BC942}") = "Exercise_09_03", "Chapter 09 Texturing\Exercise_09_03\Exercise_09_03.vcxproj", "{F1F08658-1E21-4491-99A2-1360D3F4BFF3}"
EndProject
Project("{8BC9CEB8-8B4A-11D0-8D11-00A0C91BC942}") = "Exercise_11_07", "Chapter 11 Stenciling\Exercise_11_07\Exercise_11_07.vcxproj", "{348EFAB0-CE31-44CE-AE54-7D0791B1A2D3}"
EndProject
Project("{8BC9CEB8-8B4A-11D0-8D11-00A0C91BC942}") = "Exercise_11_08", "Chapter 11 Stenciling\Exercise_11_08\Exercise_11_08.vcxproj", "{1152D9F3-8BB8-4F1E-942B-DA415B5DC7DB}"
EndProject
Project("{8BC9CEB8-8B4A-11D0-8D11-00A0C91BC942}") = "Exercise_11_09", "Chapter 11 Stenciling\Exercise_11_09\Exercise_11_09.vcxproj", "{61EB47DC-A1BA-4EBB-B578-1399A10CC616}"
EndProject
Project("{8BC9CEB8-8B4A-11D0-8D11-00A0C91BC942}") = "Exercise_11_11", "Chapter 11 Stenciling\Exercise_11_11\Exercise_11_11.vcxproj", "{59C2CDAA-DC8C-4C65-A402-0B716E570FFA}"
EndProject
Project("{8BC9CEB8-8B4A-11D0-8D11-00A0C91BC942}") = "Exercise_12_01", "Chapter 12 The Geometry Shader\Exercise_12_01\Exercise_12_01.vcxproj", "{58D37087-C9F1-4CA4-8129-7C0CC2860677}"
EndProject
Project("{8BC9CEB8-8B4A-11D0-8D11-00A0C91BC942}") = "Exercise_12_02", "Chapter 12 The Geometry Shader\Exercise_12_02\Exercise_12_02.vcxproj", "{DD619F4D-CE5D-4242-A03C-CDCEBD7CEA9D}"
EndProject
Project("{8BC9CEB8-8B4A-11D0-8D11-00A0C91BC942}") = "Exercise_12_03", "Chapter 12 The Geometry Shader\Exercise_12_03\Exercise_12_03.vcxproj", "{5210ABE3-B451-44F9-B763-C1C92FF791B3}"
EndProject
Project("{8BC9CEB8-8B4A-11D0-8D11-00A0C91BC942}") = "Exercise_12_04", "Chapter 12 The Geometry Shader\Exercise_12_04\Exercise_12_04.vcxproj", "{2EC8F653-7B76-4A85-A1EE-68E187909187}"
EndProject
Project("{8BC9CEB8-8B4A-11D0-8D11-00A0C91BC942}") = "Exercise_13_01", "Chapter 13 The Compute Shader\Exercise_13_01\Exercise_13_01.vcxproj", "{C16C7164-14DB-415D-A554-3051593CDE9B}"
EndProject
Project("{8BC9CEB8-8B4A-11D0-8D11-00A0C91BC942}") = "Exercise_13_04", "Chapter 13 The Compute Shader\Exercise_13_04\Exercise_13_04.vcxproj", "{79C3913C-11B3-412E-9729-9DE24E162867}"
EndProject
Project("{8BC9CEB8-8B4A-11D0-8D11-00A0C91BC942}") = "Exercise_14_01", "Chapter 14 The Tessellation Stages\Exercise_14_01\Exercise_14_01.vcxproj", "{D32E182F-EE55-45A2-92CA-DE6A8190E08C}"
EndProject
Project("{8BC9CEB8-8B4A-11D0-8D11-00A0C91BC942}") = "Exercise_14_02", "Chapter 14 The Tessellation Stages\Exercise_14_02\Exercise_14_02.vcxproj", "{1A9AD1CC-0504-4890-BA90-05D0B1A271EB}"
EndProject
Project("{8BC9CEB8-8B4A-11D0-8D11-00A0C91BC942}") = "Exercise_14_07", "Chapter 14 The Tessellation Stages\Exercise_14_07\Exercise_14_07.vcxproj", "{C8F5DCF3-79C9-4C59-98D6-340D80BC198E}"
EndProject
Project("{8BC9CEB8-8B4A-11D0-8D11-00A0C91BC942}") = "Exercise_14_09", "Chapter 14 The Tessellation Stages\Exercise_14_09\Exercise_14_09.vcxproj", "{91247A29-44DA-49B0-8C36-FB6FC05C77D1}"
EndProject
Project("{8BC9CEB8-8B4A-11D0-8D11-00A0C91BC942}") = "Exercise_15_02", "Chapter 15 First Person Camera and Dynamic Indexing\Exercise_15_02\Exercise_15_02.vcxproj", "{0D70E8A9-7C8A-4AF7-94EF-CF26F1053C57}"
EndProject
Global
	GlobalSection(SolutionConfigurationPlatforms) = preSolution
		Debug|x64 = Debug|x64
		Debug|x86 = Debug|x86
		Release|x64 = Release|x64
		Release|x86 = Release|x86
	EndGlobalSection
	GlobalSection(ProjectConfigurationPlatforms) = postSolution
		{508E9197-885A-4954-B5DD-B528CE27E803}.Debug|x64.ActiveCfg = Debug|x64
		{508E9197-885A-4954-B5DD-B528CE27E803}.Debug|x64.Build.0 = Debug|x64
		{508E9197-885A-4954-B5DD-B528CE27E803}.Debug|x86.ActiveCfg = Debug|Win32
		{508E9197-885A-4954-B5DD-B528CE27E803}.Debug|x86.Build.0 = Debug|Win32
		{508E9197-885A-4954-B5DD-B528CE27E803}.Release|x64.ActiveCfg = Release|x64
		{508E9197-885A-4954-B5DD-B528CE27E803}.Release|x64.Build.0 = Release|x64
		{508E9197-885A-4954-B5DD-B528CE27E803}.Release|x86.ActiveCfg = Release|Win32
		{508E9197-885A-4954-B5DD-B528CE27E803}.Release|x86.Build.0 = Release|Win32
		{7CDBAD5D-00B5-4477-965E-803411B39454}.Debug|x64.ActiveCfg = Debug|Win32
		{7CDBAD5D-00B5-4477-965E-803411B39454}.Debug|x86.ActiveCfg = Debug|Win32
		{7CDBAD5D-00B5-4477-965E-803411B39454}.Debug|x86.Build.0 = Debug|Win32
		{7CDBAD5D-00B5-4477-965E-803411B39454}.Release|x64.ActiveCfg = Release|Win32
		{7CDBAD5D-00B5-4477-965E-803411B39454}.Release|x86.ActiveCfg = Release|Win32
		{7CDBAD5D-00B5-4477-965E-803411B39454}.Release|x86.Build.0 = Release|Win32
		{C4680F18-E037-4881-A760-CF9AC4C668C5}.Debug|x64.ActiveCfg = Debug|x64
		{C4680F18-E037-4881-A760-CF9AC4C668C5}.Debug|x64.Build.0 = Debug|x64
		{C4680F18-E037-4881-A760-CF9AC4C668C5}.Debug|x86.ActiveCfg = Debug|Win32
		{C4680F18-E037-4881-A760-CF9AC4C668C5}.Debug|x86.Build.0 = Debug|Win32
		{C4680F18-E037-4881-A760-CF9AC4C668C5}.Release|x64.ActiveCfg = Release|x64
		{C4680F18-E037-4881-A760-CF9AC4C668C5}.Release|x64.Build.0 = Release|x64
		{C4680F18-E037-4881-A760-CF9AC4C668C5}.Release|x86.ActiveCfg = Release|Win32
		{C4680F18-E037-4881-A760-CF9AC4C668C5}.Release|x86.Build.0 = Release|Win32
		{B590A678-E935-4AED-AF1F-3B6D02A4AE95}.Debug|x64.ActiveCfg = Debug|x64
		{B590A678-E935-4AED-AF1F-3B6D02A4AE95}.Debug|x64.Build.0 = Debug|x64
		{B590A678-E935-4AED-AF1F-3B6D02A4AE95}.Debug|x86.ActiveCfg = Debug|Win32
		{B590A678-E935-4AED-AF1F-3B6D02A4AE95}.Debug|x86.Build.0 = Debug|Win32
		{B590A678-E935-4AED-AF1F-3B6D02A4AE95}.Release|x64.ActiveCfg = Release|x64
		{B590A678-E935-4AED-AF1F-3B6D02A4AE95}.Release|x64.Build.0 = Release|x64
		{B590A678-E935-4AED-AF1F-3B6D02A4AE95}.Release|x86.ActiveCfg = Release|Win32
		{B590A678-E935-4AED-AF1F-3B6D02A4AE95}.Release|x86.Build.0 = Release|Win32
		{BDC63514-5D6B-4C7E-BC4F-11F19364456A}.Debug|x64.ActiveCfg = Debug|x64
		{BDC63514-5D6B-4C7E-BC4F-11F19364456A}.Debug|x64.Build.0 = Debug|x64
		{BDC63514-5D6B-4C7E-BC4F-11F19364456A}.Debug|x86.ActiveCfg = Debug|Win32
		{BDC63514-5D6B-4C7E-BC4F-11F19364456A}.Debug|x86.Build.0 = Debug|Win32
		{BDC63514-5D6B-4C7E-BC4F-11F19364456A}.Release|x64.ActiveCfg = Release|x64
		{BDC63514-5D6B-4C7E-BC4F-11F19364456A}.Release|x64.Build.0 = Release|x64
		{BDC63514-5D6B-4C7E-BC4F-11F19364456A}.Release|x86.ActiveCfg = Release|Win32
		{BDC63514-5D6B-4C7E-BC4F-11F19364456A}.Release|x86.Build.0 = Release|Win32
		{3F4D6E80-3635-4577-B6AC-CE8B90068BDD}.Debug|x64.ActiveCfg = Debug|x64
		{3F4D6E80-3635-4577-B6AC-CE8B90068BDD}.Debug|x64.Build.0 = Debug|x64
		{3F4D6E80-3635-4577-B6AC-CE8B90068BDD}.Debug|x86.ActiveCfg = Debug|Win32
		{3F4D6E80-3635-4577-B6AC-CE8B90068BDD}.Debug|x86.Build.0 = Debug|Win32
		{3F4D6E80-3635-4577-B6AC-CE8B90068BDD}.Release|x64.ActiveCfg = Release|x64
		{3F4D6E80-3635-4577-B6AC-CE8B90068BDD}.Release|x64.Build.0 = Release|x64
		{3F4D6E80-3635-4577-B6AC-CE8B90068BDD}.Release|x86.ActiveCfg = Release|Win32
		{3F4D6E80-3635-4577-B6AC-CE8B90068BDD}.Release|x86.Build.0 = Release|Win32
		{8713DCC9-E21C-485A-99E5-B8D1E5AD91B6}.Debug|x64.ActiveCfg = Debug|x64
		{8713DCC9-E21C-485A-99E5-B8D1E5AD91B6}.Debug|x64.Build.0 = Debug|x64
		{8713DCC9-E21C-485A-99E5-B8D1E5AD91B6}.Debug|x86.ActiveCfg = Debug|Win32
		{8713DCC9-E21C-485A-99E5-B8D1E5AD91B6}.Debug|x86.Build.0 = Debug|Win32
		{8713DCC9-E21C-485A-99E5-B8D1E5AD91B6}.Release|x64.ActiveCfg = Release|x64
		{8713DCC9-E21C-485A-99E5-B8D1E5AD91B6}.Release|x64.Build.0 = Release|x64
		{8713DCC9-E21C-485A-99E5-B8D1E5AD91B6}.Release|x86.ActiveCfg = Release|Win32
		{8713DCC9-E21C-485A-99E5-B8D1E5AD91B6}.Release|x86.Build.0 = Release|Win32
		{2D456930-7EE8-4CE4-965A-A85A744F8515}.Debug|x64.ActiveCfg = Debug|x64
		{2D456930-7EE8-4CE4-965A-A85A744F8515}.Debug|x64.Build.0 = Debug|x64
		{2D456930-7EE8-4CE4-965A-A85A744F8515}.Debug|x86.ActiveCfg = Debug|Win32
		{2D456930-7EE8-4CE4-965A-A85A744F8515}.Debug|x86.Build.0 = Debug|Win32
		{2D456930-7EE8-4CE4-965A-A85A744F8515}.Release|x64.ActiveCfg = Release|x64
		{2D456930-7EE8-4CE4-965A-A85A744F8515}.Release|x64.Build.0 = Release|x64
		{2D456930-7EE8-4CE4-965A-A85A744F8515}.Release|x86.ActiveCfg = Release|Win32
		{2D456930-7EE8-4CE4-965A-A85A744F8515}.Release|x86.Build.0 = Release|Win32
		{99BAD649-F897-4374-B69D-EEB3F9CAE027}.Debug|x64.ActiveCfg = Debug|x64
		{99BAD649-F897-4374-B69D-EEB3F9CAE027}.Debug|x64.Build.0 = Debug|x64
		{99BAD649-F897-4374-B69D-EEB3F9CAE027}.Debug|x86.ActiveCfg = Debug|Win32
		{99BAD649-F897-4374-B69D-EEB3F9CAE027}.Debug|x86.Build.0 = Debug|Win32
		{99BAD649-F897-4374-B69D-EEB3F9CAE027}.Release|x64.ActiveCfg = Release|x64
		{99BAD649-F897-4374-B69D-EEB3F9CAE027}.Release|x64.Build.0 = Release|x64
		{99BAD649-F897-4374-B69D-EEB3F9CAE027}.Release|x86.ActiveCfg = Release|Win32
		{99BAD649-F897-4374-B69D-EEB3F9CAE027}.Release|x86.Build.0 = Release|Win32
		{23D47CEE-6F04-46F2-B680-AF36FB5A386A}.Debug|x64.ActiveCfg = Debug|x64
		{23D47CEE-6F04-46F2-B680-AF36FB5A386A}.Debug|x64.Build.0 = Debug|x64
		{23D47CEE-6F04-46F2-B680-AF36FB5A386A}.Debug|x86.ActiveCfg = Debug|Win32
		{23D47CEE-6F04-46F2-B680-AF36FB5A386A}.Debug|x86.Build.0 = Debug|Win32
		{23D47CEE-6F04-46F2-B680-AF36FB5A386A}.Release|x64.ActiveCfg = Release|x64
		{23D47CEE-6F04-46F2-B680-AF36FB5A386A}.Release|x64.Build.0 = Release|x64
		{23D47CEE-6F04-46F2-B680-AF36FB5A386A}.Release|x86.ActiveCfg = Release|Win32
		{23D47CEE-6F04-46F2-B680-AF36FB5A386A}.Release|x86.Build.0 = Release|Win32
		{0EB5ECAA-3BCB-4B58-9FA9-88176C0E1CFF}.Debug|x64.ActiveCfg = Debug|x64
		{0EB5ECAA-3BCB-4B58-9FA9-88176C0E1CFF}.Debug|x64.Build.0 = Debug|x64
		{0EB5ECAA-3BCB-4B58-9FA9-88176C0E1CFF}.Debug|x86.ActiveCfg = Debug|Win32
		{0EB5ECAA-3BCB-4B58-9FA9-88176C0E1CFF}.Debug|x86.Build.0 = Debug|Win32
		{0EB5ECAA-3BCB-4B58-9FA9-88176C0E1CFF}.Release|x64.ActiveCfg = Release|x64
		{0EB5ECAA-3BCB-4B58-9FA9-88176C0E1CFF}.Release|x64.Build.0 = Release|x64
		{0EB5ECAA-3BCB-4B58-9FA9-88176C0E1CFF}.Release|x86.ActiveCfg = Release|Win32
		{0EB5ECAA-3BCB-4B58-9FA9-88176C0E1CFF}.Release|x86.Build.0 = Release|Win32
		{5ED524F3-165A-425D-B380-3FA556A48005}.Debug|x64.ActiveCfg = Debug|x64
		{5ED524F3-165A-425D-B380-3FA556A48005}.Debug|x64.Build.0 = Debug|x64
		{5ED524F3-165A-425D-B380-3FA556A48005}.Debug|x86.ActiveCfg = Debug|Win32
		{5ED524F3-165A-425D-B380-3FA556A48005}.Debug|x86.Build.0 = Debug|Win32
		{5ED524F3-165A-425D-B380-3FA556A48005}.Release|x64.ActiveCfg = Release|x64
		{5ED524F3-165A-425D-B380-3FA556A48005}.Release|x64.Build.0 = Release|x64
		{5ED524F3-165A-425D-B380-3FA556A48005}.Release|x86.ActiveCfg = Release|Win32
		{5ED524F3-165A-425D-B380-3FA556A48005}.Release|x86.Build.0 = Release|Win32
		{BB2E3DFF-5328-43B3-A8A1-1E881AFE7884}.Debug|x64.ActiveCfg = Debug|x64
		{BB2E3DFF-5328-43B3-A8A1-1E881AFE7884}.Debug|x64.Build.0 = Debug|x64
		{BB2E3DFF-5328-43B3-A8A1-1E881AFE7884}.Debug|x86.ActiveCfg = Debug|Win32
		{BB2E3DFF-5328-43B3-A8A1-1E881AFE7884}.Debug|x86.Build.0 = Debug|Win32
		{BB2E3DFF-5328-43B3-A8A1-1E881AFE7884}.Release|x64.ActiveCfg = Release|x64
		{BB2E3DFF-5328-43B3-A8A1-1E881AFE7884}.Release|x64.Build.0 = Release|x64
		{BB2E3DFF-5328-43B3-A8A1-1E881AFE7884}.Release|x86.ActiveCfg = Release|Win32
		{BB2E3DFF-5328-43B3-A8A1-1E881AFE7884}.Release|x86.Build.0 = Release|Win32
		{6A6F7455-9AA4-4BFA-8593-169F7182146A}.Debug|x64.ActiveCfg = Debug|x64
		{6A6F7455-9AA4-4BFA-8593-169F7182146A}.Debug|x64.Build.0 = Debug|x64
		{6A6F7455-9AA4-4BFA-8593-169F7182146A}.Debug|x86.ActiveCfg = Debug|Win32
		{6A6F7455-9AA4-4BFA-8593-169F7182146A}.Debug|x86.Build.0 = Debug|Win32
		{6A6F7455-9AA4-4BFA-8593-169F7182146A}.Release|x64.ActiveCfg = Release|x64
		{6A6F7455-9AA4-4BFA-8593-169F7182146A}.Release|x64.Build.0 = Release|x64
		{6A6F7455-9AA4-4BFA-8593-169F7182146A}.Release|x86.ActiveCfg = Release|Win32
		{6A6F7455-9AA4-4BFA-8593-169F7182146A}.Release|x86.Build.0 = Release|Win32
		{CA41A537-195E-4958-B149-CEE6399D9618}.Debug|x64.ActiveCfg = Debug|x64
		{CA41A537-195E-4958-B149-CEE6399D9618}.Debug|x64.Build.0 = Debug|x64
		{CA41A537-195E-4958-B149-CEE6399D9618}.Debug|x86.ActiveCfg = Debug|Win32
		{CA41A537-195E-4958-B149-CEE6399D9618}.Debug|x86.Build.0 = Debug|Win32
		{CA41A537-195E-4958-B149-CEE6399D9618}.Release|x64.ActiveCfg = Release|x64
		{CA41A537-195E-4958-B149-CEE6399D9618}.Release|x64.Build.0 = Release|x64
		{CA41A537-195E-4958-B149-CEE6399D9618}.Release|x86.ActiveCfg = Release|Win32
		{CA41A537-195E-4958-B149-CEE6399D9618}.Release|x86.Build.0 = Release|Win32
		{2B6B81E7-C717-43D5-A535-B59ADA901B09}.Debug|x64.ActiveCfg = Debug|x64
		{2B6B81E7-C717-43D5-A535-B59ADA901B09}.Debug|x64.Build.0 = Debug|x64
		{2B6B81E7-C717-43D5-A535-B59ADA901B09}.Debug|x86.ActiveCfg = Debug|Win32
		{2B6B81E7-C717-43D5-A535-B59ADA901B09}.Debug|x86.Build.0 = Debug|Win32
		{2B6B81E7-C717-43D5-A535-B59ADA901B09}.Release|x64.ActiveCfg = Release|x64
		{2B6B81E7-C717-43D5-A535-B59ADA901B09}.Release|x64.Build.0 = Release|x64
		{2B6B81E7-C717-43D5-A535-B59ADA901B09}.Release|x86.ActiveCfg = Release|Win32
		{2B6B81E7-C717-43D5-A535-B59ADA901B09}.Release|x86.Build.0 = Release|Win32
		{B7F5DB6D-AE07-41D0-A684-26C3A36B97C4}.Debug|x64.ActiveCfg = Debug|x64
		{B7F5DB6D-AE07-41D0-A684-26C3A36B97C4}.Debug|x64.Build.0 = Debug|x64
		{B7F5DB6D-AE07-41D0-A684-26C3A36B97C4}.Debug|x86.ActiveCfg = Debug|Win32
		{B7F5DB6D-AE07-41D0-A684-26C3A36B97C4}.Debug|x86.Build.0 = Debug|Win32
		{B7F5DB6D-AE07-41D0-A684-26C3A36B97C4}.Release|x64.ActiveCfg = Release|x64
		{B7F5DB6D-AE07-41D0-A684-26C3A36B97C4}.Release|x64.Build.0 = Release|x64
		{B7F5DB6D-AE07-41D0-A684-26C3A36B97C4}.Release|x86.ActiveCfg = Release|Win32
		{B7F5DB6D-AE07-41D0-A684-26C3A36B97C4}.Release|x86.Build.0 = Release|Win32
		{16004724-C619-451B-A249-58709A3639C0}.Debug|x64.ActiveCfg = Debug|x64
		{16004724-C619-451B-A249-58709A3639C0}.Debug|x64.Build.0 = Debug|x64
		{16004724-C619-451B-A249-58709A3639C0}.Debug|x86.ActiveCfg = Debug|Win32
		{16004724-C619-451B-A249-58709A3639C0}.Debug|x86.Build.0 = Debug|Win32
		{16004724-C619-451B-A249-58709A3639C0}.Release|x64.ActiveCfg = Release|x64
		{16004724-C619-451B-A249-58709A3639C0}.Release|x64.Build.0 = Release|x64
		{16004724-C619-451B-A249-58709A3639C0}.Release|x86.ActiveCfg = Release|Win32
		{16004724-C619-451B-A249-58709A3639C0}.Release|x86.Build.0 = Release|Win32
		{66252CDA-3422-41DD-B089-393287D6E614}.Debug|x64.ActiveCfg = Debug|x64
		{66252CDA-3422-41DD-B089-393287D6E614}.Debug|x64.Build.0 = Debug|x64
		{66252CDA-3422-41DD-B089-393287D6E614}.Debug|x86.ActiveCfg = Debug|Win32
		{66252CDA-3422-41DD-B089-393287D6E614}.Debug|x86.Build.0 = Debug|Win32
		{66252CDA-3422-41DD-B089-393287D6E614}.Release|x64.ActiveCfg = Release|x64
		{66252CDA-3422-41DD-B089-393287D6E614}.Release|x64.Build.0 = Release|x64
		{66252CDA-3422-41DD-B089-393287D6E614}.Release|x86.ActiveCfg = Release|Win32
		{66252CDA-3422-41DD-B089-393287D6E614}.Release|x86.Build.0 = Release|Win32
		{F2BE9056-354C-40EA-A16E-3335F07678A6}.Debug|x64.ActiveCfg = Debug|x64
		{F2BE9056-354C-40EA-A16E-3335F07678A6}.Debug|x64.Build.0 = Debug|x64
		{F2BE9056-354C-40EA-A16E-3335F07678A6}.Debug|x86.ActiveCfg = Debug|Win32
		{F2BE9056-354C-40EA-A16E-3335F07678A6}.Debug|x86.Build.0 = Debug|Win32
		{F2BE9056-354C-40EA-A16E-3335F07678A6}.Release|x64.ActiveCfg = Release|x64
		{F2BE9056-354C-40EA-A16E-3335F07678A6}.Release|x64.Build.0 = Release|x64
		{F2BE9056-354C-40EA-A16E-3335F07678A6}.Release|x86.ActiveCfg = Release|Win32
		{F2BE9056-354C-40EA-A16E-3335F07678A6}.Release|x86.Build.0 = Release|Win32
		{EBA44FF6-C000-495A-ABE9-E6848AF88F17}.Debug|x64.ActiveCfg = Debug|x64
		{EBA44FF6-C000-495A-ABE9-E6848AF88F17}.Debug|x64.Build.0 = Debug|x64
		{EBA44FF6-C000-495A-ABE9-E6848AF88F17}.Debug|x86.ActiveCfg = Debug|Win32
		{EBA44FF6-C000-495A-ABE9-E6848AF88F17}.Debug|x86.Build.0 = Debug|Win32
		{EBA44FF6-C000-495A-ABE9-E6848AF88F17}.Release|x64.ActiveCfg = Release|x64
		{EBA44FF6-C000-495A-ABE9-E6848AF88F17}.Release|x64.Build.0 = Release|x64
		{EBA44FF6-C000-495A-ABE9-E6848AF88F17}.Release|x86.ActiveCfg = Release|Win32
		{EBA44FF6-C000-495A-ABE9-E6848AF88F17}.Release|x86.Build.0 = Release|Win32
		{08EDFAC3-2447-4CDF-9B1F-D91C8D9887E7}.Debug|x64.ActiveCfg = Debug|x64
		{08EDFAC3-2447-4CDF-9B1F-D91C8D9887E7}.Debug|x64.Build.0 = Debug|x64
		{08EDFAC3-2447-4CDF-9B1F-D91C8D9887E7}.Debug|x86.ActiveCfg = Debug|Win32
		{08EDFAC3-2447-4CDF-9B1F-D91C8D9887E7}.Debug|x86.Build.0 = Debug|Win32
		{08EDFAC3-2447-4CDF-9B1F-D91C8D9887E7}.Release|x64.ActiveCfg = Release|x64
		{08EDFAC3-2447-4CDF-9B1F-D91C8D9887E7}.Release|x64.Build.0 = Release|x64
		{08EDFAC3-2447-4CDF-9B1F-D91C8D9887E7}.Release|x86.ActiveCfg = Release|Win32
		{08EDFAC3-2447-4CDF-9B1F-D91C8D9887E7}.Release|x86.Build.0 = Release|Win32
		{BA776CBA-A555-43D1-B4B8-82A3BEFEFDB9}.Debug|x64.ActiveCfg = Debug|x64
		{BA776CBA-A555-43D1-B4B8-82A3BEFEFDB9}.Debug|x64.Build.0 = Debug|x64
		{BA776CBA-A555-43D1-B4B8-82A3BEFEFDB9}.Debug|x86.ActiveCfg = Debug|Win32
		{BA776CBA-A555-43D1-B4B8-82A3BEFEFDB9}.Debug|x86.Build.0 = Debug|Win32
		{BA776CBA-A555-43D1-B4B8-82A3BEFEFDB9}.Release|x64.ActiveCfg = Release|x64
		{BA776CBA-A555-43D1-B4B8-82A3BEFEFDB9}.Release|x64.Build.0 = Release|x64
		{BA776CBA-A555-43D1-B4B8-82A3BEFEFDB9}.Release|x86.ActiveCfg = Release|Win32
		{BA776CBA-A555-43D1-B4B8-82A3BEFEFDB9}.Release|x86.Build.0 = Release|Win32
		{75FB9415-C135-4C93-9B35-8C27FB9BF7F3}.Debug|x64.ActiveCfg = Debug|x64
		{75FB9415-C135-4C93-9B35-8C27FB9BF7F3}.Debug|x64.Build.0 = Debug|x64
		{75FB9415-C135-4C93-9B35-8C27FB9BF7F3}.Debug|x86.ActiveCfg = Debug|Win32
		{75FB9415-C135-4C93-9B35-8C27FB9BF7F3}.Debug|x86.Build.0 = Debug|Win32
		{75FB9415-C135-4C93-9B35-8C27FB9BF7F3}.Release|x64.ActiveCfg = Release|x64
		{75FB9415-C135-4C93-9B35-8C27FB9BF7F3}.Release|x64.Build.0 = Release|x64
		{75FB9415-C135-4C93-9B35-8C27FB9BF7F3}.Release|x86.ActiveCfg = Release|Win32
		{75FB9415-C135-4C93-9B35-8C27FB9BF7F3}.Release|x86.Build.0 = Release|Win32
		{454E2EDD-4E64-49AE-8B29-9AC94FAC2494}.Debug|x64.ActiveCfg = Debug|x64
		{454E2EDD-4E64-49AE-8B29-9AC94FAC2494}.Debug|x64.Build.0 = Debug|x64
		{454E2EDD-4E64-49AE-8B29-9AC94FAC2494}.Debug|x86.ActiveCfg = Debug|Win32
		{454E2EDD-4E64-49AE-8B29-9AC94FAC2494}.Debug|x86.Build.0 = Debug|Win32
		{454E2EDD-4E64-49AE-8B29-9AC94FAC2494}.Release|x64.ActiveCfg = Release|x64
		{454E2EDD-4E64-49AE-8B29-9AC94FAC2494}.Release|x64.Build.0 = Release|x64
		{454E2EDD-4E64-49AE-8B29-9AC94FAC2494}.Release|x86.ActiveCfg = Release|Win32
		{454E2EDD-4E64-49AE-8B29-9AC94FAC2494}.Release|x86.Build.0 = Release|Win32
		{BDD38E45-5E08-4654-80AB-204A7C4A3FF3}.Debug|x64.ActiveCfg = Debug|x64
		{BDD38E45-5E08-4654-80AB-204A7C4A3FF3}.Debug|x64.Build.0 = Debug|x64
		{BDD38E45-5E08-4654-80AB-204A7C4A3FF3}.Debug|x86.ActiveCfg = Debug|Win32
		{BDD38E45-5E08-4654-80AB-204A7C4A3FF3}.Debug|x86.Build.0 = Debug|Win32
		{BDD38E45-5E08-4654-80AB-204A7C4A3FF3}.Release|x64.ActiveCfg = Release|x64
		{BDD38E45-5E08-4654-80AB-204A7C4A3FF3}.Release|x64.Build.0 = Release|x64
		{BDD38E45-5E08-4654-80AB-204A7C4A3FF3}.Release|x86.ActiveCfg = Release|Win32
		{BDD38E45-5E08-4654-80AB-204A7C4A3FF3}.Release|x86.Build.0 = Release|Win32
		{BE228814-A8FE-45F3-91A8-5F73AD61AB02}.Debug|x64.ActiveCfg = Debug|x64
		{BE228814-A8FE-45F3-91A8-5F73AD61AB02}.Debug|x64.Build.0 = Debug|x64
		{BE228814-A8FE-45F3-91A8-5F73AD61AB02}.Debug|x86.ActiveCfg = Debug|Win32
		{BE228814-A8FE-45F3-91A8-5F73AD61AB02}.Debug|x86.Build.0 = Debug|Win32
		{BE228814-A8FE-45F3-91A8-5F73AD61AB02}.Release|x64.ActiveCfg = Release|x64
		{BE228814-A8FE-45F3-91A8-5F73AD61AB02}.Release|x64.Build.0 = Release|x64
		{BE228814-A8FE-45F3-91A8-5F73AD61AB02}.Release|x86.ActiveCfg = Release|Win32
		{BE228814-A8FE-45F3-91A8-5F73AD61AB02}.Release|x86.Build.0 = Release|Win32
		{19D1BAEA-0053-4B68-A3A3-FE3A2F4D7E46}.Debug|x64.ActiveCfg = Debug|x64
		{19D1BAEA-0053-4B68-A3A3-FE3A2F4D7E46}.Debug|x64.Build.0 = Debug|x64
		{19D1BAEA-0053-4B68-A3A3-FE3A2F4D7E46}.Debug|x86.ActiveCfg = Debug|Win32
		{19D1BAEA-0053-4B68-A3A3-FE3A2F4D7E46}.Debug|x86.Build.0 = Debug|Win32
		{19D1BAEA-0053-4B68-A3A3-FE3A2F4D7E46}.Release|x64.ActiveCfg = Release|x64
		{19D1BAEA-0053-4B68-A3A3-FE3A2F4D7E46}.Release|x64.Build.0 = Release|x64
		{19D1BAEA-0053-4B68-A3A3-FE3A2F4D7E46}.Release|x86.ActiveCfg = Release|Win32
		{19D1BAEA-0053-4B68-A3A3-FE3A2F4D7E46}.Release|x86.Build.0 = Release|Win32
		{FE0CC4EB-8818-4EF7-922B-B591D2906E0C}.Debug|x64.ActiveCfg = Debug|x64
		{FE0CC4EB-8818-4EF7-922B-B591D2906E0C}.Debug|x64.Build.0 = Debug|x64
		{FE0CC4EB-8818-4EF7-922B-B591D2906E0C}.Debug|x86.ActiveCfg = Debug|Win32
		{FE0CC4EB-8818-4EF7-922B-B591D2906E0C}.Debug|x86.Build.0 = Debug|Win32
		{FE0CC4EB-8818-4EF7-922B-B591D2906E0C}.Release|x64.ActiveCfg = Release|x64
		{FE0CC4EB-8818-4EF7-922B-B591D2906E0C}.Release|x64.Build.0 = Release|x64
		{FE0CC4EB-8818-4EF7-922B-B591D2906E0C}.Release|x86.ActiveCfg = Release|Win32
		{FE0CC4EB-8818-4EF7-922B-B591D2906E0C}.Release|x86.Build.0 = Release|Win32
		{6CFBC7B3-0F8A-4C64-AA5F-9051B208D67A}.Debug|x64.ActiveCfg = Debug|x64
		{6CFBC7B3-0F8A-4C64-AA5F-9051B208D67A}.Debug|x64.Build.0 = Debug|x64
		{6CFBC7B3-0F8A-4C64-AA5F-9051B208D67A}.Debug|x86.ActiveCfg = Debug|Win32
		{6CFBC7B3-0F8A-4C64-AA5F-9051B208D67A}.Debug|x86.Build.0 = Debug|Win32
		{6CFBC7B3-0F8A-4C64-AA5F-9051B208D67A}.Release|x64.ActiveCfg = Release|x64
		{6CFBC7B3-0F8A-4C64-AA5F-9051B208D67A}.Release|x64.Build.0 = Release|x64
		{6CFBC7B3-0F8A-4C64-AA5F-9051B208D67A}.Release|x86.ActiveCfg = Release|Win32
		{6CFBC7B3-0F8A-4C64-AA5F-9051B208D67A}.Release|x86.Build.0 = Release|Win32
		{A3919AAA-9CFB-4E65-A96B-15686D3D7188}.Debug|x64.ActiveCfg = Debug|x64
		{A3919AAA-9CFB-4E65-A96B-15686D3D7188}.Debug|x64.Build.0 = Debug|x64
		{A3919AAA-9CFB-4E65-A96B-15686D3D7188}.Debug|x86.ActiveCfg = Debug|Win32
		{A3919AAA-9CFB-4E65-A96B-15686D3D7188}.Debug|x86.Build.0 = Debug|Win32
		{A3919AAA-9CFB-4E65-A96B-15686D3D7188}.Release|x64.ActiveCfg = Release|x64
		{A3919AAA-9CFB-4E65-A96B-15686D3D7188}.Release|x64.Build.0 = Release|x64
		{A3919AAA-9CFB-4E65-A96B-15686D3D7188}.Release|x86.ActiveCfg = Release|Win32
		{A3919AAA-9CFB-4E65-A96B-15686D3D7188}.Release|x86.Build.0 = Release|Win32
		{9E651C13-883B-4A60-A166-B65F382C2CD2}.Debug|x64.ActiveCfg = Debug|x64
		{9E651C13-883B-4A60-A166-B65F382C2CD2}.Debug|x64.Build.0 = Debug|x64
		{9E651C13-883B-4A60-A166-B65F382C2CD2}.Debug|x86.ActiveCfg = Debug|Win32
		{9E651C13-883B-4A60-A166-B65F382C2CD2}.Debug|x86.Build.0 = Debug|Win32
		{9E651C13-883B-4A60-A166-B65F382C2CD2}.Release|x64.ActiveCfg = Release|x64
		{9E651C13-883B-4A60-A166-B65F382C2CD2}.Release|x64.Build.0 = Release|x64
		{9E651C13-883B-4A60-A166-B65F382C2CD2}.Release|x86.ActiveCfg = Release|Win32
		{9E651C13-883B-4A60-A166-B65F382C2CD2}.Release|x86.Build.0 = Release|Win32
		{EB8F5BFF-A074-4B3D-950B-9AC096BB8931}.Debug|x64.ActiveCfg = Debug|x64
		{EB8F5BFF-A074-4B3D-950B-9AC096BB8931}.Debug|x64.Build.0 = Debug|x64
		{EB8F5BFF-A074-4B3D-950B-9AC096BB8931}.Debug|x86.ActiveCfg = Debug|Win32
		{EB8F5BFF-A074-4B3D-950B-9AC096BB8931}.Debug|x86.Build.0 = Debug|Win32
		{EB8F5BFF-A074-4B3D-950B-9AC096BB8931}.Release|x64.ActiveCfg = Release|x64
		{EB8F5BFF-A074-4B3D-950B-9AC096BB8931}.Release|x64.Build.0 = Release|x64
		{EB8F5BFF-A074-4B3D-950B-9AC096BB8931}.Release|x86.ActiveCfg = Release|Win32
		{EB8F5BFF-A074-4B3D-950B-9AC096BB8931}.Release|x86.Build.0 = Release|Win32
		{8A696FCD-E441-4671-90E9-9571AD2E5EA2}.Debug|x64.ActiveCfg = Debug|x64
		{8A696FCD-E441-4671-90E9-9571AD2E5EA2}.Debug|x64.Build.0 = Debug|x64
		{8A696FCD-E441-4671-90E9-9571AD2E5EA2}.Debug|x86.ActiveCfg = Debug|Win32
		{8A696FCD-E441-4671-90E9-9571AD2E5EA2}.Debug|x86.Build.0 = Debug|Win32
		{8A696FCD-E441-4671-90E9-9571AD2E5EA2}.Release|x64.ActiveCfg = Release|x64
		{8A696FCD-E441-4671-90E9-9571AD2E5EA2}.Release|x64.Build.0 = Release|x64
		{8A696FCD-E441-4671-90E9-9571AD2E5EA2}.Release|x86.ActiveCfg = Release|Win32
		{8A696FCD-E441-4671-90E9-9571AD2E5EA2}.Release|x86.Build.0 = Release|Win32
		{65A49641-AECB-4D8B-AA79-8BA33241BE04}.Debug|x64.ActiveCfg = Debug|x64
		{65A49641-AECB-4D8B-AA79-8BA33241BE04}.Debug|x64.Build.0 = Debug|x64
		{65A49641-AECB-4D8B-AA79-8BA33241BE04}.Debug|x86.ActiveCfg = Debug|Win32
		{65A49641-AECB-4D8B-AA79-8BA33241BE04}.Debug|x86.Build.0 = Debug|Win32
		{65A49641-AECB-4D8B-AA79-8BA33241BE04}.Release|x64.ActiveCfg = Release|x64
		{65A49641-AECB-4D8B-AA79-8BA33241BE04}.Release|x64.Build.0 = Release|x64
		{65A49641-AECB-4D8B-AA79-8BA33241BE04}.Release|x86.ActiveCfg = Release|Win32
		{65A49641-AECB-4D8B-AA79-8BA33241BE04}.Release|x86.Build.0 = Release|Win32
		{1C8DC56A-52C8-4FE4-9943-2A7B23C1D2C6}.Debug|x64.ActiveCfg = Debug|x64
		{1C8DC56A-52C8-4FE4-9943-2A7B23C1D2C6}.Debug|x64.Build.0 = Debug|x64
		{1C8DC56A-52C8-4FE4-9943-2A7B23C1D2C6}.Debug|x86.ActiveCfg = Debug|Win32
		{1C8DC56A-52C8-4FE4-9943-2A7B23C1D2C6}.Debug|x86.Build.0 = Debug|Win32
		{1C8DC56A-52C8-4FE4-9943-2A7B23C1D2C6}.Release|x64.ActiveCfg = Release|x64
		{1C8DC56A-52C8-4FE4-9943-2A7B23C1D2C6}.Release|x64.Build.0 = Release|x64
		{1C8DC56A-52C8-4FE4-9943-2A7B23C1D2C6}.Release|x86.ActiveCfg = Release|Win32
		{1C8DC56A-52C8-4FE4-9943-2A7B23C1D2C6}.Release|x86.Build.0 = Release|Win32
		{52DD50FC-076F-4B06-89BD-68F014E8A817}.Debug|x64.ActiveCfg = Debug|x64
		{52DD50FC-076F-4B06-89BD-68F014E8A817}.Debug|x64.Build.0 = Debug|x64
		{52DD50FC-076F-4B06-89BD-68F014E8A817}.Debug|x86.ActiveCfg = Debug|Win32
		{52DD50FC-076F-4B06-89BD-68F014E8A817}.Debug|x86.Build.0 = Debug|Win32
		{52DD50FC-076F-4B06-89BD-68F014E8A817}.Release|x64.ActiveCfg = Release|x64
		{52DD50FC-076F-4B06-89BD-68F014E8A817}.Release|x64.Build.0 = Release|x64
		{52DD50FC-076F-4B06-89BD-68F014E8A817}.Release|x86.ActiveCfg = Release|Win32
		{52DD50FC-076F-4B06-89BD-68F014E8A817}.Release|x86.Build.0 = Release|Win32
		{CB13728B-9F93-4C50-A98C-FE8593D78BC9}.Debug|x64.ActiveCfg = Debug|x64
		{CB13728B-9F93-4C50-A98C-FE8593D78BC9}.Debug|x64.Build.0 = Debug|x64
		{CB13728B-9F93-4C50-A98C-FE8593D78BC9}.Debug|x86.ActiveCfg = Debug|Win32
		{CB13728B-9F93-4C50-A98C-FE8593D78BC9}.Debug|x86.Build.0 = Debug|Win32
		{CB13728B-9F93-4C50-A98C-FE8593D78BC9}.Release|x64.ActiveCfg = Release|x64
		{CB13728B-9F93-4C50-A98C-FE8593D78BC9}.Release|x64.Build.0 = Release|x64
		{CB13728B-9F93-4C50-A98C-FE8593D78BC9}.Release|x86.ActiveCfg = Release|Win32
		{CB13728B-9F93-4C50-A98C-FE8593D78BC9}.Release|x86.Build.0 = Release|Win32
		{F1F08658-1E21-4491-99A2-1360D3F4BFF3}.Debug|x64.ActiveCfg = Debug|x64
		{F1F08658-1E21-4491-99A2-1360D3F4BFF3}.Debug|x64.Build.0 = Debug|x64
		{F1F08658-1E21-4491-99A2-1360D3F4BFF3}.Debug|x86.ActiveCfg = Debug|Win32
		{F1F08658-1E21-4491-99A2-1360D3F4BFF3}.Debug|x86.Build.0 = Debug|Win32
		{F1F08658-1E21-4491-99A2-1360D3F4BFF3}.Release|x64.ActiveCfg = Release|x64
		{F1F08658-1E21-4491-99A2-1360D3F4BFF3}.Release|x64.Build.0 = Release|x64
		{F1F08658-1E21-4491-99A2-1360D3F4BFF3}.Release|x86.ActiveCfg = Release|Win32
		{F1F08658-1E21-4491-99A2-1360D3F4BFF3}.Release|x86.Build.0 = Release|Win32
		{348EFAB0-CE31-44CE-AE54-7D0791B1A2D3}.Debug|x64.ActiveCfg = Debug|x64
		{348EFAB0-CE31-44CE-AE54-7D0791B1A2D3}.Debug|x64.Build.0 = Debug|x64
		{348EFAB0-CE31-44CE-AE54-7D0791B1A2D3}.Debug|x86.ActiveCfg = Debug|Win32
		{348EFAB0-CE31-44CE-AE54-7D0791B1A2D3}.Debug|x86.Build.0 = Debug|Win32
		{348EFAB0-CE31-44CE-AE54-7D0791B1A2D3}.Release|x64.ActiveCfg = Release|x64
		{348EFAB0-CE31-44CE-AE54-7D0791B1A2D3}.Release|x64.Build.0 = Release|x64
		{348EFAB0-CE31-44CE-AE54-7D0791B1A2D3}.Release|x86.ActiveCfg = Release|Win32
		{348EFAB0-CE31-44CE-AE54-7D0791B1A2D3}.Release|x86.Build.0 = Release|Win32
		{1152D9F3-8BB8-4F1E-942B-DA415B5DC7DB}.Debug|x64.ActiveCfg = Debug|x64
		{1152D9F3-8BB8-4F1E-942B-DA415B5DC7DB}.Debug|x64.Build.0 = Debug|x64
		{1152D9F3-8BB8-4F1E-942B-DA415B5DC7DB}.Debug|x86.ActiveCfg = Debug|Win32
		{1152D9F3-8BB8-4F1E-942B-DA415B5DC7DB}.Debug|x86.Build.0 = Debug|Win32
		{1152D9F3-8BB8-4F1E-942B-DA415B5DC7DB}.Release|x64.ActiveCfg = Release|x64
		{1152D9F3-8BB8-4F1E-942B-DA415B5DC7DB}.Release|x64.Build.0 = Release|x64
		{1152D9F3-8BB8-4F1E-942B-DA415B5DC7DB}.Release|x86.ActiveCfg = Release|Win32
		{1152D9F3-8BB8-4F1E-942B-DA415B5DC7DB}.Release|x86.Build.0 = Release|Win32
		{61EB47DC-A1BA-4EBB-B578-1399A10CC616}.Debug|x64.ActiveCfg = Debug|x64
		{61EB47DC-A1BA-4EBB-B578-1399A10CC616}.Debug|x64.Build.0 = Debug|x64
		{61EB47DC-A1BA-4EBB-B578-1399A10CC616}.Debug|x86.ActiveCfg = Debug|Win32
		{61EB47DC-A1BA-4EBB-B578-1399A10CC616}.Debug|x86.Build.0 = Debug|Win32
		{61EB47DC-A1BA-4EBB-B578-1399A10CC616}.Release|x64.ActiveCfg = Release|x64
		{61EB47DC-A1BA-4EBB-B578-1399A10CC616}.Release|x64.Build.0 = Release|x64
		{61EB47DC-A1BA-4EBB-B578-1399A10CC616}.Release|x86.ActiveCfg = Release|Win32
		{61EB47DC-A1BA-4EBB-B578-1399A10CC616}.Release|x86.Build.0 = Release|Win32
		{59C2CDAA-DC8C-4C65-A402-0B716E570FFA}.Debug|x64.ActiveCfg = Debug|x64
		{59C2CDAA-DC8C-4C65-A402-0B716E570FFA}.Debug|x64.Build.0 = Debug|x64
		{59C2CDAA-DC8C-4C65-A402-0B716E570FFA}.Debug|x86.ActiveCfg = Debug|Win32
		{59C2CDAA-DC8C-4C65-A402-0B716E570FFA}.Debug|x86.Build.0 = Debug|Win32
		{59C2CDAA-DC8C-4C65-A402-0B716E570FFA}.Release|x64.ActiveCfg = Release|x64
		{59C2CDAA-DC8C-4C65-A402-0B716E570FFA}.Release|x64.Build.0 = Release|x64
		{59C2CDAA-DC8C-4C65-A402-0B716E570FFA}.Release|x86.ActiveCfg = Release|Win32
		{59C2CDAA-DC8C-4C65-A402-0B716E570FFA}.Release|x86.Build.0 = Release|Win32
		{58D37087-C9F1-4CA4-8129-7C0CC2860677}.Debug|x64.ActiveCfg = Debug|x64
		{58D37087-C9F1-4CA4-8129-7C0CC2860677}.Debug|x64.Build.0 = Debug|x64
		{58D37087-C9F1-4CA4-8129-7C0CC2860677}.Debug|x86.ActiveCfg = Debug|Win32
		{58D37087-C9F1-4CA4-8129-7C0CC2860677}.Debug|x86.Build.0 = Debug|Win32
		{58D37087-C9F1-4CA4-8129-7C0CC2860677}.Release|x64.ActiveCfg = Release|x64
		{58D37087-C9F1-4CA4-8129-7C0CC2860677}.Release|x64.Build.0 = Release|x64
		{58D37087-C9F1-4CA4-8129-7C0CC2860677}.Release|x86.ActiveCfg = Release|Win32
		{58D37087-C9F1-4CA4-8129-7C0CC2860677}.Release|x86.Build.0 = Release|Win32
		{DD619F4D-CE5D-4242-A03C-CDCEBD7CEA9D}.Debug|x64.ActiveCfg = Debug|x64
		{DD619F4D-CE5D-4242-A03C-CDCEBD7CEA9D}.Debug|x64.Build.0 = Debug|x64
		{DD619F4D-CE5D-4242-A03C-CDCEBD7CEA9D}.Debug|x86.ActiveCfg = Debug|Win32
		{DD619F4D-CE5D-4242-A03C-CDCEBD7CEA9D}.Debug|x86.Build.0 = Debug|Win32
		{DD619F4D-CE5D-4242-A03C-CDCEBD7CEA9D}.Release|x64.ActiveCfg = Release|x64
		{DD619F4D-CE5D-4242-A03C-CDCEBD7CEA9D}.Release|x64.Build.0 = Release|x64
		{DD619F4D-CE5D-4242-A03C-CDCEBD7CEA9D}.Release|x86.ActiveCfg = Release|Win32
		{DD619F4D-CE5D-4242-A03C-CDCEBD7CEA9D}.Release|x86.Build.0 = Release|Win32
		{5210ABE3-B451-44F9-B763-C1C92FF791B3}.Debug|x64.ActiveCfg = Debug|x64
		{5210ABE3-B451-44F9-B763-C1C92FF791B3}.Debug|x64.Build.0 = Debug|x64
		{5210ABE3-B451-44F9-B763-C1C92FF791B3}.Debug|x86.ActiveCfg = Debug|Win32
		{5210ABE3-B451-44F9-B763-C1C92FF791B3}.Debug|x86.Build.0 = Debug|Win32
		{5210ABE3-B451-44F9-B763-C1C92FF791B3}.Release|x64.ActiveCfg = Release|x64
		{5210ABE3-B451-44F9-B763-C1C92FF791B3}.Release|x64.Build.0 = Release|x64
		{5210ABE3-B451-44F9-B763-C1C92FF791B3}.Release|x86.ActiveCfg = Release|Win32
		{5210ABE3-B451-44F9-B763-C1C92FF791B3}.Release|x86.Build.0 = Release|Win32
		{2EC8F653-7B76-4A85-A1EE-68E187909187}.Debug|x64.ActiveCfg = Debug|x64
		{2EC8F653-7B76-4A85-A1EE-68E187909187}.Debug|x64.Build.0 = Debug|x64
		{2EC8F653-7B76-4A85-A1EE-68E187909187}.Debug|x86.ActiveCfg = Debug|Win32
		{2EC8F653-7B76-4A85-A1EE-68E187909187}.Debug|x86.Build.0 = Debug|Win32
		{2EC8F653-7B76-4A85-A1EE-68E187909187}.Release|x64.ActiveCfg = Release|x64
		{2EC8F653-7B76-4A85-A1EE-68E187909187}.Release|x64.Build.0 = Release|x64
		{2EC8F653-7B76-4A85-A1EE-68E187909187}.Release|x86.ActiveCfg = Release|Win32
		{2EC8F653-7B76-4A85-A1EE-68E187909187}.Release|x86.Build.0 = Release|Win32
		{C16C7164-14DB-415D-A554-3051593CDE9B}.Debug|x64.ActiveCfg = Debug|x64
		{C16C7164-14DB-415D-A554-3051593CDE9B}.Debug|x64.Build.0 = Debug|x64
		{C16C7164-14DB-415D-A554-3051593CDE9B}.Debug|x86.ActiveCfg = Debug|Win32
		{C16C7164-14DB-415D-A554-3051593CDE9B}.Debug|x86.Build.0 = Debug|Win32
		{C16C7164-14DB-415D-A554-3051593CDE9B}.Release|x64.ActiveCfg = Release|x64
		{C16C7164-14DB-415D-A554-3051593CDE9B}.Release|x64.Build.0 = Release|x64
		{C16C7164-14DB-415D-A554-3051593CDE9B}.Release|x86.ActiveCfg = Release|Win32
		{C16C7164-14DB-415D-A554-3051593CDE9B}.Release|x86.Build.0 = Release|Win32
		{79C3913C-11B3-412E-9729-9DE24E162867}.Debug|x64.ActiveCfg = Debug|x64
		{79C3913C-11B3-412E-9729-9DE24E162867}.Debug|x64.Build.0 = Debug|x64
		{79C3913C-11B3-412E-9729-9DE24E162867}.Debug|x86.ActiveCfg = Debug|Win32
		{79C3913C-11B3-412E-9729-9DE24E162867}.Debug|x86.Build.0 = Debug|Win32
		{79C3913C-11B3-412E-9729-9DE24E162867}.Release|x64.ActiveCfg = Release|x64
		{79C3913C-11B3-412E-9729-9DE24E162867}.Release|x64.Build.0 = Release|x64
		{79C3913C-11B3-412E-9729-9DE24E162867}.Release|x86.ActiveCfg = Release|Win32
		{79C3913C-11B3-412E-9729-9DE24E162867}.Release|x86.Build.0 = Release|Win32
		{D32E182F-EE55-45A2-92CA-DE6A8190E08C}.Debug|x64.ActiveCfg = Debug|x64
		{D32E182F-EE55-45A2-92CA-DE6A8190E08C}.Debug|x64.Build.0 = Debug|x64
		{D32E182F-EE55-45A2-92CA-DE6A8190E08C}.Debug|x86.ActiveCfg = Debug|Win32
		{D32E182F-EE55-45A2-92CA-DE6A8190E08C}.Debug|x86.Build.0 = Debug|Win32
		{D32E182F-EE55-45A2-92CA-DE6A8190E08C}.Release|x64.ActiveCfg = Release|x64
		{D32E182F-EE55-45A2-92CA-DE6A8190E08C}.Release|x64.Build.0 = Release|x64
		{D32E182F-EE55-45A2-92CA-DE6A8190E08C}.Release|x86.ActiveCfg = Release|Win32
		{D32E182F-EE55-45A2-92CA-DE6A8190E08C}.Release|x86.Build.0 = Release|Win32
		{1A9AD1CC-0504-4890-BA90-05D0B1A271EB}.Debug|x64.ActiveCfg = Debug|x64
		{1A9AD1CC-0504-4890-BA90-05D0B1A271EB}.Debug|x64.Build.0 = Debug|x64
		{1A9AD1CC-0504-4890-BA90-05D0B1A271EB}.Debug|x86.ActiveCfg = Debug|Win32
		{1A9AD1CC-0504-4890-BA90-05D0B1A271EB}.Debug|x86.Build.0 = Debug|Win32
		{1A9AD1CC-0504-4890-BA90-05D0B1A271EB}.Release|x64.ActiveCfg = Release|x64
		{1A9AD1CC-0504-4890-BA90-05D0B1A271EB}.Release|x64.Build.0 = Release|x64
		{1A9AD1CC-0504-4890-BA90-05D0B1A271EB}.Release|x86.ActiveCfg = Release|Win32
		{1A9AD1CC-0504-4890-BA90-05D0B1A271EB}.Release|x86.Build.0 = Release|Win32
		{C8F5DCF3-79C9-4C59-98D6-340D80BC198E}.Debug|x64.ActiveCfg = Debug|x64
		{C8F5DCF3-79C9-4C59-98D6-340D80BC198E}.Debug|x64.Build.0 = Debug|x64
		{C8F5DCF3-79C9-4C59-98D6-340D80BC198E}.Debug|x86.ActiveCfg = Debug|Win32
		{C8F5DCF3-79C9-4C59-98D6-340D80BC198E}.Debug|x86.Build.0 = Debug|Win32
		{C8F5DCF3-79C9-4C59-98D6-340D80BC198E}.Release|x64.ActiveCfg = Release|x64
		{C8F5DCF3-79C9-4C59-98D6-340D80BC198E}.Release|x64.Build.0 = Release|x64
		{C8F5DCF3-79C9-4C59-98D6-340D80BC198E}.Release|x86.ActiveCfg = Release|Win32
		{C8F5DCF3-79C9-4C59-98D6-340D80BC198E}.Release|x86.Build.0 = Release|Win32
		{91247A29-44DA-49B0-8C36-FB6FC05C77D1}.Debug|x64.ActiveCfg = Debug|x64
		{91247A29-44DA-49B0-8C36-FB6FC05C77D1}.Debug|x64.Build.0 = Debug|x64
		{91247A29-44DA-49B0-8C36-FB6FC05C77D1}.Debug|x86.ActiveCfg = Debug|Win32
		{91247A29-44DA-49B0-8C36-FB6FC05C77D1}.Debug|x86.Build.0 = Debug|Win32
		{91247A29-44DA-49B0-8C36-FB6FC05C77D1}.Release|x64.ActiveCfg = Release|x64
		{91247A29-44DA-49B0-8C36-FB6FC05C77D1}.Release|x64.Build.0 = Release|x64
		{91247A29-44DA-49B0-8C36-FB6FC05C77D1}.Release|x86.ActiveCfg = Release|Win32
		{91247A29-44DA-49B0-8C36-FB6FC05C77D1}.Release|x86.Build.0 = Release|Win32
		{0D70E8A9-7C8A-4AF7-94EF-CF26F1053C57}.Debug|x64.ActiveCfg = Debug|x64
		{0D70E8A9-7C8A-4AF7-94EF-CF26F1053C57}.Debug|x64.Build.0 = Debug|x64
		{0D70E8A9-7C8A-4AF7-94EF-CF26F1053C57}.Debug|x86.ActiveCfg = Debug|Win32
		{0D70E8A9-7C8A-4AF7-94EF-CF26F1053C57}.Debug|x86.Build.0 = Debug|Win32
		{0D70E8A9-7C8A-4AF7-94EF-CF26F1053C57}.Release|x64.ActiveCfg = Release|x64
		{0D70E8A9-7C8A-4AF7-94EF-CF26F1053C57}.Release|x64.Build.0 = Release|x64
		{0D70E8A9-7C8A-4AF7-94EF-CF26F1053C57}.Release|x86.ActiveCfg = Release|Win32
		{0D70E8A9-7C8A-4AF7-94EF-CF26F1053C57}.Release|x86.Build.0 = Release|Win32
	EndGlobalSection
	GlobalSection(SolutionProperties) = preSolution
		HideSolutionNode = FALSE
	EndGlobalSection
	GlobalSection(NestedProjects) = preSolution
		{508E9197-885A-4954-B5DD-B528CE27E803} = {DA6330C9-D149-42B8-A67F-08E02195636D}
		{7CDBAD5D-00B5-4477-965E-803411B39454} = {7527D5C9-FDAA-46CF-8E90-CD5C24C0E6DD}
		{C4680F18-E037-4881-A760-CF9AC4C668C5} = {6AB037C6-3534-4B6D-95E8-6086B3B591A4}
		{B590A678-E935-4AED-AF1F-3B6D02A4AE95} = {C81B0126-A830-4ECD-9C36-AFB03CB00ABE}
		{BDC63514-5D6B-4C7E-BC4F-11F19364456A} = {71C8991E-667D-4B4B-8D17-7BCA01FFDED9}
		{3F4D6E80-3635-4577-B6AC-CE8B90068BDD} = {71C8991E-667D-4B4B-8D17-7BCA01FFDED9}
		{8713DCC9-E21C-485A-99E5-B8D1E5AD91B6} = {CC8695A8-8801-40A5-A20A-B3FC0F99B097}
		{2D456930-7EE8-4CE4-965A-A85A744F8515} = {CC8695A8-8801-40A5-A20A-B3FC0F99B097}
		{99BAD649-F897-4374-B69D-EEB3F9CAE027} = {1F5CB2ED-12AC-4F03-BC8E-0126BE4C51AC}
		{23D47CEE-6F04-46F2-B680-AF36FB5A386A} = {1F5CB2ED-12AC-4F03-BC8E-0126BE4C51AC}
		{0EB5ECAA-3BCB-4B58-9FA9-88176C0E1CFF} = {1F5CB2ED-12AC-4F03-BC8E-0126BE4C51AC}
		{5ED524F3-165A-425D-B380-3FA556A48005} = {98DE6CDB-415D-48A0-BB06-EE2AC22F3796}
		{BB2E3DFF-5328-43B3-A8A1-1E881AFE7884} = {357E9794-8FAA-43A0-9315-20A9BDC3A844}
		{6A6F7455-9AA4-4BFA-8593-169F7182146A} = {DA001A9F-A220-41F9-B8A3-97F2A90FEF41}
		{CA41A537-195E-4958-B149-CEE6399D9618} = {9631415B-7EB4-4510-9576-9FC99ED6C964}
		{2B6B81E7-C717-43D5-A535-B59ADA901B09} = {9631415B-7EB4-4510-9576-9FC99ED6C964}
		{B7F5DB6D-AE07-41D0-A684-26C3A36B97C4} = {9631415B-7EB4-4510-9576-9FC99ED6C964}
		{16004724-C619-451B-A249-58709A3639C0} = {9631415B-7EB4-4510-9576-9FC99ED6C964}
		{66252CDA-3422-41DD-B089-393287D6E614} = {3240EC26-2473-457B-AA50-C239819B5716}
		{F2BE9056-354C-40EA-A16E-3335F07678A6} = {3240EC26-2473-457B-AA50-C239819B5716}
		{EBA44FF6-C000-495A-ABE9-E6848AF88F17} = {F9ED4B41-BA87-4D61-8B43-66642A0B1B0D}
		{08EDFAC3-2447-4CDF-9B1F-D91C8D9887E7} = {CAD8AE6C-4232-4EB5-97DF-33F0B0E7C2B3}
		{BA776CBA-A555-43D1-B4B8-82A3BEFEFDB9} = {2D424475-A525-44D7-9F41-0FA2692423B9}
		{75FB9415-C135-4C93-9B35-8C27FB9BF7F3} = {EB1B8181-9914-4BEC-A4B8-8E0D495203DD}
		{454E2EDD-4E64-49AE-8B29-9AC94FAC2494} = {EB1B8181-9914-4BEC-A4B8-8E0D495203DD}
		{BDD38E45-5E08-4654-80AB-204A7C4A3FF3} = {02350EAE-B1D7-4AC2-BB9E-31C3180D0682}
		{BE228814-A8FE-45F3-91A8-5F73AD61AB02} = {33FCF7A9-E080-4A9C-BC47-4162A8313368}
		{19D1BAEA-0053-4B68-A3A3-FE3A2F4D7E46} = {D001503E-239E-4096-9315-905A63500D4D}
		{FE0CC4EB-8818-4EF7-922B-B591D2906E0C} = {A53C6CDC-61DD-49BA-AD67-F0E5862A8273}
		{6CFBC7B3-0F8A-4C64-AA5F-9051B208D67A} = {BE5D1261-3B9F-4A71-A1F1-377F583F94CD}
		{A3919AAA-9CFB-4E65-A96B-15686D3D7188} = {C81B0126-A830-4ECD-9C36-AFB03CB00ABE}
		{9E651C13-883B-4A60-A166-B65F382C2CD2} = {C81B0126-A830-4ECD-9C36-AFB03CB00ABE}
		{EB8F5BFF-A074-4B3D-950B-9AC096BB8931} = {C81B0126-A830-4ECD-9C36-AFB03CB00ABE}
		{8A696FCD-E441-4671-90E9-9571AD2E5EA2} = {71C8991E-667D-4B4B-8D17-7BCA01FFDED9}
		{65A49641-AECB-4D8B-AA79-8BA33241BE04} = {71C8991E-667D-4B4B-8D17-7BCA01FFDED9}
		{1C8DC56A-52C8-4FE4-9943-2A7B23C1D2C6} = {CC8695A8-8801-40A5-A20A-B3FC0F99B097}
		{52DD50FC-076F-4B06-89BD-68F014E8A817} = {CC8695A8-8801-40A5-A20A-B3FC0F99B097}
		{CB13728B-9F93-4C50-A98C-FE8593D78BC9} = {CC8695A8-8801-40A5-A20A-B3FC0F99B097}
		{F1F08658-1E21-4491-99A2-1360D3F4BFF3} = {1F5CB2ED-12AC-4F03-BC8E-0126BE4C51AC}
		{348EFAB0-CE31-44CE-AE54-7D0791B1A2D3} = {357E9794-8FAA-43A0-9315-20A9BDC3A844}
		{1152D9F3-8BB8-4F1E-942B-DA415B5DC7DB} = {357E9794-8FAA-43A0-9315-20A9BDC3A844}
		{61EB47DC-A1BA-4EBB-B578-1399A10CC616} = {357E9794-8FAA-43A0-9315-20A9BDC3A844}
		{59C2CDAA-DC8C-4C65-A402-0B716E570FFA} = {357E9794-8FAA-43A0-9315-20A9BDC3A844}
		{58D37087-C9F1-4CA4-8129-7C0CC2860677} = {DA001A9F-A220-41F9-B8A3-97F2A90FEF41}
		{DD619F4D-CE5D-4242-A03C-CDCEBD7CEA9D} = {DA001A9F-A220-41F9-B8A3-97F2A90FEF41}
		{5210ABE3-B451-44F9-B763-C1C92FF791B3} = {DA001A9F-A220-41F9-B8A3-97F2A90FEF41}
		{2EC8F653-7B76-4A85-A1EE-68E187909187} = {DA001A9F-A220-41F9-B8A3-97F2A90FEF41}
		{C16C7164-14DB-415D-A554-3051593CDE9B} = {9631415B-7EB4-4510-9576-9FC99ED6C964}
		{79C3913C-11B3-412E-9729-9DE24E162867} = {9631415B-7EB4-4510-9576-9FC99ED6C964}
		{D32E182F-EE55-45A2-92CA-DE6A8190E08C} = {3240EC26-2473-457B-AA50-C239819B5716}
		{1A9AD1CC-0504-4890-BA90-05D0B1A271EB} = {3240EC26-2473-457B-AA50-C239819B5716}
		{C8F5DCF3-79C9-4C59-98D6-340D80BC198E} = {3240EC26-2473-457B-AA50-C239819B5716}
		{91247A29-44DA-49B0-8C36-FB6FC05C77D1} = {3240EC26-2473-457B-AA50-C239819B5716}
		{0D70E8A9-7C8A-4AF7-94EF-CF26F1053C57} = {F9ED4B41-BA87-4D61-8B43-66642A0B1B0D}
	EndGlobalSection
	GlobalSection(ExtensibilityGlobals) = postSolution
		SolutionGuid = {60DAF673-9108-4394-9DAC-E93E4555DC7D}
	EndGlobalSection
EndGlobal
